
Microsoft Visual Studio Solution File, Format Version 12.00
# Visual Studio Version 16
VisualStudioVersion = 16.0.31313.79
MinimumVisualStudioVersion = 10.0.40219.1
Project("{FAE04EC0-301F-11D3-BF4B-00C04F79EFBC}") = "Ucak_Bilet_Rezervasyon_Sistemi", "Ucak_Bilet_Rezervasyon_Sistemi\Ucak_Bilet_Rezervasyon_Sistemi.csproj", "{93595469-7130-4560-B9A4-E0C88E53D039}"
EndProject
Global
	GlobalSection(SolutionConfigurationPlatforms) = preSolution
		Debug|Any CPU = Debug|Any CPU
		Release|Any CPU = Release|Any CPU
	EndGlobalSection
	GlobalSection(ProjectConfigurationPlatforms) = postSolution
		{93595469-7130-4560-B9A4-E0C88E53D039}.Debug|Any CPU.ActiveCfg = Debug|Any CPU
		{93595469-7130-4560-B9A4-E0C88E53D039}.Debug|Any CPU.Build.0 = Debug|Any CPU
		{93595469-7130-4560-B9A4-E0C88E53D039}.Release|Any CPU.ActiveCfg = Release|Any CPU
		{93595469-7130-4560-B9A4-E0C88E53D039}.Release|Any CPU.Build.0 = Release|Any CPU
	EndGlobalSection
	GlobalSection(SolutionProperties) = preSolution
		HideSolutionNode = FALSE
	EndGlobalSection
	GlobalSection(ExtensibilityGlobals) = postSolution
		SolutionGuid = {27B514EF-9270-45A4-A784-80A5FAED07BE}
	EndGlobalSection
EndGlobal
